
Microsoft Visual Studio Solution File, Format Version 12.00
Project("{FAE04EC0-301F-11D3-BF4B-00C04F79EFBC}") = "BinarySearch01", "BinarySearch01\BinarySearch01.csproj", "{9B298FC7-DE50-48BB-9C7D-4543EE12D59F}"
EndProject
Project("{FAE04EC0-301F-11D3-BF4B-00C04F79EFBC}") = "SelectionSort03", "SelectionSort03\SelectionSort03.csproj", "{9472BCC4-B8D6-4963-BB2C-8658CD0C4766}"
EndProject
Project("{FAE04EC0-301F-11D3-BF4B-00C04F79EFBC}") = "Recursion05", "Recursion05\Recursion05.csproj", "{ABB2F3DF-FD4A-4C57-9046-941DCEF396BE}"
EndProject
Project("{FAE04EC0-301F-11D3-BF4B-00C04F79EFBC}") = "Quicksort07", "Quicksort07\Quicksort07.csproj", "{E707EEB2-21DD-44D1-9A80-79071DDD7CD4}"
EndProject
Global
	GlobalSection(SolutionConfigurationPlatforms) = preSolution
		Debug|Any CPU = Debug|Any CPU
		Release|Any CPU = Release|Any CPU
	EndGlobalSection
	GlobalSection(ProjectConfigurationPlatforms) = postSolution
		{9B298FC7-DE50-48BB-9C7D-4543EE12D59F}.Debug|Any CPU.ActiveCfg = Debug|Any CPU
		{9B298FC7-DE50-48BB-9C7D-4543EE12D59F}.Debug|Any CPU.Build.0 = Debug|Any CPU
		{9B298FC7-DE50-48BB-9C7D-4543EE12D59F}.Release|Any CPU.ActiveCfg = Release|Any CPU
		{9B298FC7-DE50-48BB-9C7D-4543EE12D59F}.Release|Any CPU.Build.0 = Release|Any CPU
		{9472BCC4-B8D6-4963-BB2C-8658CD0C4766}.Debug|Any CPU.ActiveCfg = Debug|Any CPU
		{9472BCC4-B8D6-4963-BB2C-8658CD0C4766}.Debug|Any CPU.Build.0 = Debug|Any CPU
		{9472BCC4-B8D6-4963-BB2C-8658CD0C4766}.Release|Any CPU.ActiveCfg = Release|Any CPU
		{9472BCC4-B8D6-4963-BB2C-8658CD0C4766}.Release|Any CPU.Build.0 = Release|Any CPU
		{ABB2F3DF-FD4A-4C57-9046-941DCEF396BE}.Debug|Any CPU.ActiveCfg = Debug|Any CPU
		{ABB2F3DF-FD4A-4C57-9046-941DCEF396BE}.Debug|Any CPU.Build.0 = Debug|Any CPU
		{ABB2F3DF-FD4A-4C57-9046-941DCEF396BE}.Release|Any CPU.ActiveCfg = Release|Any CPU
		{ABB2F3DF-FD4A-4C57-9046-941DCEF396BE}.Release|Any CPU.Build.0 = Release|Any CPU
		{E707EEB2-21DD-44D1-9A80-79071DDD7CD4}.Debug|Any CPU.ActiveCfg = Debug|Any CPU
		{E707EEB2-21DD-44D1-9A80-79071DDD7CD4}.Debug|Any CPU.Build.0 = Debug|Any CPU
		{E707EEB2-21DD-44D1-9A80-79071DDD7CD4}.Release|Any CPU.ActiveCfg = Release|Any CPU
		{E707EEB2-21DD-44D1-9A80-79071DDD7CD4}.Release|Any CPU.Build.0 = Release|Any CPU
	EndGlobalSection
EndGlobal
